// !$*UTF8*$!
{
	archiveVersion = 1;
	classes = {
	};
	objectVersion = 46;
	objects = {

/* Begin PBXBuildFile section */
		9A0BFD89162D6CAD00A3E141 /* Foundation.framework in Frameworks */ = {isa = PBXBuildFile; fileRef = 9A0BFD88162D6CAD00A3E141 /* Foundation.framework */; };
		9A0BFD8B162D6CAD00A3E141 /* UIKit.framework in Frameworks */ = {isa = PBXBuildFile; fileRef = 9A0BFD8A162D6CAD00A3E141 /* UIKit.framework */; };
		9A0BFD8D162D6CAD00A3E141 /* CFNetwork.framework in Frameworks */ = {isa = PBXBuildFile; fileRef = 9A0BFD8C162D6CAD00A3E141 /* CFNetwork.framework */; };
		9A0BFD8F162D6CAD00A3E141 /* CoreGraphics.framework in Frameworks */ = {isa = PBXBuildFile; fileRef = 9A0BFD8E162D6CAD00A3E141 /* CoreGraphics.framework */; };
		9A0BFD91162D6CAD00A3E141 /* CoreLocation.framework in Frameworks */ = {isa = PBXBuildFile; fileRef = 9A0BFD90162D6CAD00A3E141 /* CoreLocation.framework */; };
		9A0BFD93162D6CAD00A3E141 /* CoreMedia.framework in Frameworks */ = {isa = PBXBuildFile; fileRef = 9A0BFD92162D6CAD00A3E141 /* CoreMedia.framework */; };
		9A0BFD95162D6CAD00A3E141 /* QuartzCore.framework in Frameworks */ = {isa = PBXBuildFile; fileRef = 9A0BFD94162D6CAD00A3E141 /* QuartzCore.framework */; };
		9A0BFD97162D6CAD00A3E141 /* Security.framework in Frameworks */ = {isa = PBXBuildFile; fileRef = 9A0BFD96162D6CAD00A3E141 /* Security.framework */; };
		9A0BFD99162D6CAD00A3E141 /* MobileCoreServices.framework in Frameworks */ = {isa = PBXBuildFile; fileRef = 9A0BFD98162D6CAD00A3E141 /* MobileCoreServices.framework */; };
		9A0BFD9B162D6CAD00A3E141 /* AddressBook.framework in Frameworks */ = {isa = PBXBuildFile; fileRef = 9A0BFD9A162D6CAD00A3E141 /* AddressBook.framework */; };
		9A0BFD9D162D6CAD00A3E141 /* AddressBookUI.framework in Frameworks */ = {isa = PBXBuildFile; fileRef = 9A0BFD9C162D6CAD00A3E141 /* AddressBookUI.framework */; };
		9A0BFD9F162D6CAD00A3E141 /* AudioToolbox.framework in Frameworks */ = {isa = PBXBuildFile; fileRef = 9A0BFD9E162D6CAD00A3E141 /* AudioToolbox.framework */; };
		9A0BFDA1162D6CAD00A3E141 /* AVFoundation.framework in Frameworks */ = {isa = PBXBuildFile; fileRef = 9A0BFDA0162D6CAD00A3E141 /* AVFoundation.framework */; };
		9A0BFDA3162D6CAD00A3E141 /* MediaPlayer.framework in Frameworks */ = {isa = PBXBuildFile; fileRef = 9A0BFDA2162D6CAD00A3E141 /* MediaPlayer.framework */; };
		9A0BFDA5162D6CAD00A3E141 /* SystemConfiguration.framework in Frameworks */ = {isa = PBXBuildFile; fileRef = 9A0BFDA4162D6CAD00A3E141 /* SystemConfiguration.framework */; };
		9A0BFDAB162D6CAD00A3E141 /* InfoPlist.strings in Resources */ = {isa = PBXBuildFile; fileRef = 9A0BFDA9162D6CAD00A3E141 /* InfoPlist.strings */; };
		9A0BFDAD162D6CAD00A3E141 /* main.m in Sources */ = {isa = PBXBuildFile; fileRef = 9A0BFDAC162D6CAD00A3E141 /* main.m */; };
		9A0BFDAF162D6CAD00A3E141 /* gitTestProject2-Prefix.pch in Resources */ = {isa = PBXBuildFile; fileRef = 9A0BFDAE162D6CAD00A3E141 /* gitTestProject2-Prefix.pch */; };
		9A0BFDCD162D6CAE00A3E141 /* SalesforceHybridSDK.framework in Frameworks */ = {isa = PBXBuildFile; fileRef = 9A0BFDCC162D6CAE00A3E141 /* SalesforceHybridSDK.framework */; };
		9A0BFDCF162D6CAE00A3E141 /* libz.dylib in Frameworks */ = {isa = PBXBuildFile; fileRef = 9A0BFDCE162D6CAE00A3E141 /* libz.dylib */; };
		9A0BFDD3162D6CAE00A3E141 /* icon-72.png in Resources */ = {isa = PBXBuildFile; fileRef = 9A0BFDD2162D6CAE00A3E141 /* icon-72.png */; };
		9A0BFDD5162D6CAE00A3E141 /* icon.png in Resources */ = {isa = PBXBuildFile; fileRef = 9A0BFDD4162D6CAE00A3E141 /* icon.png */; };
		9A0BFDD7162D6CAE00A3E141 /* icon@2x.png in Resources */ = {isa = PBXBuildFile; fileRef = 9A0BFDD6162D6CAE00A3E141 /* icon@2x.png */; };
		9A0BFDDA162D6CAE00A3E141 /* Default-Landscape~ipad.png in Resources */ = {isa = PBXBuildFile; fileRef = 9A0BFDD9162D6CAE00A3E141 /* Default-Landscape~ipad.png */; };
		9A0BFDDC162D6CAE00A3E141 /* Default-Portrait~ipad.png in Resources */ = {isa = PBXBuildFile; fileRef = 9A0BFDDB162D6CAE00A3E141 /* Default-Portrait~ipad.png */; };
		9A0BFDDE162D6CAE00A3E141 /* Default.png in Resources */ = {isa = PBXBuildFile; fileRef = 9A0BFDDD162D6CAE00A3E141 /* Default.png */; };
		9A0BFDE0162D6CAE00A3E141 /* Default@2x.png in Resources */ = {isa = PBXBuildFile; fileRef = 9A0BFDDF162D6CAE00A3E141 /* Default@2x.png */; };
		9A0BFDE2162D6CAE00A3E141 /* Default~iPad.png in Resources */ = {isa = PBXBuildFile; fileRef = 9A0BFDE1162D6CAE00A3E141 /* Default~iPad.png */; };
		9A0BFDE4162D6CAE00A3E141 /* readme.md in Resources */ = {isa = PBXBuildFile; fileRef = 9A0BFDE3162D6CAE00A3E141 /* readme.md */; };
		9A0BFDE8162D6CAE00A3E141 /* AppDelegate.m in Sources */ = {isa = PBXBuildFile; fileRef = 9A0BFDE7162D6CAE00A3E141 /* AppDelegate.m */; };
		9A0BFDEB162D6CAE00A3E141 /* README in Resources */ = {isa = PBXBuildFile; fileRef = 9A0BFDEA162D6CAE00A3E141 /* README */; };
		9A0BFDED162D6CAE00A3E141 /* Cordova.plist in Resources */ = {isa = PBXBuildFile; fileRef = 9A0BFDEC162D6CAE00A3E141 /* Cordova.plist */; };
		9A0BFDEF162D6CAF00A3E141 /* Settings.bundle in Resources */ = {isa = PBXBuildFile; fileRef = 9A0BFDEE162D6CAF00A3E141 /* Settings.bundle */; };
		9A0BFDF1162D6CAF00A3E141 /* CordovaResources.bundle in Resources */ = {isa = PBXBuildFile; fileRef = 9A0BFDF0162D6CAF00A3E141 /* CordovaResources.bundle */; };
		9A0BFDF8162D6CC100A3E141 /* www in Resources */ = {isa = PBXBuildFile; fileRef = 9A0BFDF7162D6CC100A3E141 /* www */; };
/* End PBXBuildFile section */

/* Begin PBXCopyFilesBuildPhase section */
		9A0BFD82162D6CAD00A3E141 /* CopyFiles */ = {
			isa = PBXCopyFilesBuildPhase;
			buildActionMask = 2147483647;
			dstPath = www;
			dstSubfolderSpec = 7;
			files = (
			);
			runOnlyForDeploymentPostprocessing = 0;
		};
/* End PBXCopyFilesBuildPhase section */

/* Begin PBXFileReference section */
		9A0BFD84162D6CAD00A3E141 /* gitTestProject2.app */ = {isa = PBXFileReference; explicitFileType = wrapper.application; includeInIndex = 0; path = gitTestProject2.app; sourceTree = BUILT_PRODUCTS_DIR; };
		9A0BFD88162D6CAD00A3E141 /* Foundation.framework */ = {isa = PBXFileReference; lastKnownFileType = wrapper.framework; name = Foundation.framework; path = System/Library/Frameworks/Foundation.framework; sourceTree = SDKROOT; };
		9A0BFD8A162D6CAD00A3E141 /* UIKit.framework */ = {isa = PBXFileReference; lastKnownFileType = wrapper.framework; name = UIKit.framework; path = System/Library/Frameworks/UIKit.framework; sourceTree = SDKROOT; };
		9A0BFD8C162D6CAD00A3E141 /* CFNetwork.framework */ = {isa = PBXFileReference; lastKnownFileType = wrapper.framework; name = CFNetwork.framework; path = System/Library/Frameworks/CFNetwork.framework; sourceTree = SDKROOT; };
		9A0BFD8E162D6CAD00A3E141 /* CoreGraphics.framework */ = {isa = PBXFileReference; lastKnownFileType = wrapper.framework; name = CoreGraphics.framework; path = System/Library/Frameworks/CoreGraphics.framework; sourceTree = SDKROOT; };
		9A0BFD90162D6CAD00A3E141 /* CoreLocation.framework */ = {isa = PBXFileReference; lastKnownFileType = wrapper.framework; name = CoreLocation.framework; path = System/Library/Frameworks/CoreLocation.framework; sourceTree = SDKROOT; };
		9A0BFD92162D6CAD00A3E141 /* CoreMedia.framework */ = {isa = PBXFileReference; lastKnownFileType = wrapper.framework; name = CoreMedia.framework; path = System/Library/Frameworks/CoreMedia.framework; sourceTree = SDKROOT; };
		9A0BFD94162D6CAD00A3E141 /* QuartzCore.framework */ = {isa = PBXFileReference; lastKnownFileType = wrapper.framework; name = QuartzCore.framework; path = System/Library/Frameworks/QuartzCore.framework; sourceTree = SDKROOT; };
		9A0BFD96162D6CAD00A3E141 /* Security.framework */ = {isa = PBXFileReference; lastKnownFileType = wrapper.framework; name = Security.framework; path = System/Library/Frameworks/Security.framework; sourceTree = SDKROOT; };
		9A0BFD98162D6CAD00A3E141 /* MobileCoreServices.framework */ = {isa = PBXFileReference; lastKnownFileType = wrapper.framework; name = MobileCoreServices.framework; path = System/Library/Frameworks/MobileCoreServices.framework; sourceTree = SDKROOT; };
		9A0BFD9A162D6CAD00A3E141 /* AddressBook.framework */ = {isa = PBXFileReference; lastKnownFileType = wrapper.framework; name = AddressBook.framework; path = System/Library/Frameworks/AddressBook.framework; sourceTree = SDKROOT; };
		9A0BFD9C162D6CAD00A3E141 /* AddressBookUI.framework */ = {isa = PBXFileReference; lastKnownFileType = wrapper.framework; name = AddressBookUI.framework; path = System/Library/Frameworks/AddressBookUI.framework; sourceTree = SDKROOT; };
		9A0BFD9E162D6CAD00A3E141 /* AudioToolbox.framework */ = {isa = PBXFileReference; lastKnownFileType = wrapper.framework; name = AudioToolbox.framework; path = System/Library/Frameworks/AudioToolbox.framework; sourceTree = SDKROOT; };
		9A0BFDA0162D6CAD00A3E141 /* AVFoundation.framework */ = {isa = PBXFileReference; lastKnownFileType = wrapper.framework; name = AVFoundation.framework; path = System/Library/Frameworks/AVFoundation.framework; sourceTree = SDKROOT; };
		9A0BFDA2162D6CAD00A3E141 /* MediaPlayer.framework */ = {isa = PBXFileReference; lastKnownFileType = wrapper.framework; name = MediaPlayer.framework; path = System/Library/Frameworks/MediaPlayer.framework; sourceTree = SDKROOT; };
		9A0BFDA4162D6CAD00A3E141 /* SystemConfiguration.framework */ = {isa = PBXFileReference; lastKnownFileType = wrapper.framework; name = SystemConfiguration.framework; path = System/Library/Frameworks/SystemConfiguration.framework; sourceTree = SDKROOT; };
		9A0BFDA8162D6CAD00A3E141 /* gitTestProject2-Info.plist */ = {isa = PBXFileReference; lastKnownFileType = text.plist.xml; path = "gitTestProject2-Info.plist"; sourceTree = "<group>"; };
		9A0BFDAA162D6CAD00A3E141 /* en */ = {isa = PBXFileReference; lastKnownFileType = text.plist.strings; name = en; path = en.lproj/InfoPlist.strings; sourceTree = "<group>"; };
		9A0BFDAC162D6CAD00A3E141 /* main.m */ = {isa = PBXFileReference; lastKnownFileType = sourcecode.c.objc; path = main.m; sourceTree = "<group>"; };
		9A0BFDAE162D6CAD00A3E141 /* gitTestProject2-Prefix.pch */ = {isa = PBXFileReference; lastKnownFileType = sourcecode.c.h; path = "gitTestProject2-Prefix.pch"; sourceTree = "<group>"; };
		9A0BFDCC162D6CAE00A3E141 /* SalesforceHybridSDK.framework */ = {isa = PBXFileReference; lastKnownFileType = wrapper.framework; path = SalesforceHybridSDK.framework; sourceTree = "<group>"; };
		9A0BFDCE162D6CAE00A3E141 /* libz.dylib */ = {isa = PBXFileReference; lastKnownFileType = "compiled.mach-o.dylib"; name = libz.dylib; path = /usr/lib/libz.dylib; sourceTree = DEVELOPER_DIR; };
		9A0BFDD2162D6CAE00A3E141 /* icon-72.png */ = {isa = PBXFileReference; lastKnownFileType = image.png; name = "icon-72.png"; path = "Resources/icons/icon-72.png"; sourceTree = "<group>"; };
		9A0BFDD4162D6CAE00A3E141 /* icon.png */ = {isa = PBXFileReference; lastKnownFileType = image.png; name = icon.png; path = Resources/icons/icon.png; sourceTree = "<group>"; };
		9A0BFDD6162D6CAE00A3E141 /* icon@2x.png */ = {isa = PBXFileReference; lastKnownFileType = image.png; name = "icon@2x.png"; path = "Resources/icons/icon@2x.png"; sourceTree = "<group>"; };
		9A0BFDD9162D6CAE00A3E141 /* Default-Landscape~ipad.png */ = {isa = PBXFileReference; lastKnownFileType = image.png; name = "Default-Landscape~ipad.png"; path = "Resources/splash/Default-Landscape~ipad.png"; sourceTree = "<group>"; };
		9A0BFDDB162D6CAE00A3E141 /* Default-Portrait~ipad.png */ = {isa = PBXFileReference; lastKnownFileType = image.png; name = "Default-Portrait~ipad.png"; path = "Resources/splash/Default-Portrait~ipad.png"; sourceTree = "<group>"; };
		9A0BFDDD162D6CAE00A3E141 /* Default.png */ = {isa = PBXFileReference; lastKnownFileType = image.png; name = Default.png; path = Resources/splash/Default.png; sourceTree = "<group>"; };
		9A0BFDDF162D6CAE00A3E141 /* Default@2x.png */ = {isa = PBXFileReference; lastKnownFileType = image.png; name = "Default@2x.png"; path = "Resources/splash/Default@2x.png"; sourceTree = "<group>"; };
		9A0BFDE1162D6CAE00A3E141 /* Default~iPad.png */ = {isa = PBXFileReference; lastKnownFileType = image.png; name = "Default~iPad.png"; path = "Resources/splash/Default~iPad.png"; sourceTree = "<group>"; };
		9A0BFDE3162D6CAE00A3E141 /* readme.md */ = {isa = PBXFileReference; lastKnownFileType = text; path = readme.md; sourceTree = "<group>"; };
		9A0BFDE6162D6CAE00A3E141 /* AppDelegate.h */ = {isa = PBXFileReference; lastKnownFileType = sourcecode.c.h; name = AppDelegate.h; path = Classes/AppDelegate.h; sourceTree = "<group>"; };
		9A0BFDE7162D6CAE00A3E141 /* AppDelegate.m */ = {isa = PBXFileReference; lastKnownFileType = sourcecode.c.objc; name = AppDelegate.m; path = Classes/AppDelegate.m; sourceTree = "<group>"; };
		9A0BFDEA162D6CAE00A3E141 /* README */ = {isa = PBXFileReference; lastKnownFileType = text; name = README; path = Plugins/README; sourceTree = "<group>"; };
		9A0BFDEC162D6CAE00A3E141 /* Cordova.plist */ = {isa = PBXFileReference; lastKnownFileType = text.plist.xml; path = Cordova.plist; sourceTree = "<group>"; };
		9A0BFDEE162D6CAF00A3E141 /* Settings.bundle */ = {isa = PBXFileReference; lastKnownFileType = "wrapper.plug-in"; path = Settings.bundle; sourceTree = "<group>"; };
		9A0BFDF0162D6CAF00A3E141 /* CordovaResources.bundle */ = {isa = PBXFileReference; lastKnownFileType = "wrapper.plug-in"; path = CordovaResources.bundle; sourceTree = "<group>"; };
		9A0BFDF7162D6CC100A3E141 /* www */ = {isa = PBXFileReference; lastKnownFileType = folder; path = www; sourceTree = "<group>"; };
/* End PBXFileReference section */

/* Begin PBXFrameworksBuildPhase section */
		9A0BFD7F162D6CAD00A3E141 /* Frameworks */ = {
			isa = PBXFrameworksBuildPhase;
			buildActionMask = 2147483647;
			files = (
				9A0BFD89162D6CAD00A3E141 /* Foundation.framework in Frameworks */,
				9A0BFD8B162D6CAD00A3E141 /* UIKit.framework in Frameworks */,
				9A0BFD8D162D6CAD00A3E141 /* CFNetwork.framework in Frameworks */,
				9A0BFD8F162D6CAD00A3E141 /* CoreGraphics.framework in Frameworks */,
				9A0BFD91162D6CAD00A3E141 /* CoreLocation.framework in Frameworks */,
				9A0BFD93162D6CAD00A3E141 /* CoreMedia.framework in Frameworks */,
				9A0BFD95162D6CAD00A3E141 /* QuartzCore.framework in Frameworks */,
				9A0BFD97162D6CAD00A3E141 /* Security.framework in Frameworks */,
				9A0BFD99162D6CAD00A3E141 /* MobileCoreServices.framework in Frameworks */,
				9A0BFD9B162D6CAD00A3E141 /* AddressBook.framework in Frameworks */,
				9A0BFD9D162D6CAD00A3E141 /* AddressBookUI.framework in Frameworks */,
				9A0BFD9F162D6CAD00A3E141 /* AudioToolbox.framework in Frameworks */,
				9A0BFDA1162D6CAD00A3E141 /* AVFoundation.framework in Frameworks */,
				9A0BFDA3162D6CAD00A3E141 /* MediaPlayer.framework in Frameworks */,
				9A0BFDA5162D6CAD00A3E141 /* SystemConfiguration.framework in Frameworks */,
				9A0BFDCD162D6CAE00A3E141 /* SalesforceHybridSDK.framework in Frameworks */,
				9A0BFDCF162D6CAE00A3E141 /* libz.dylib in Frameworks */,
			);
			runOnlyForDeploymentPostprocessing = 0;
		};
/* End PBXFrameworksBuildPhase section */

/* Begin PBXGroup section */
		9A0BFD77162D6CAD00A3E141 = {
			isa = PBXGroup;
			children = (
				9A0BFDA6162D6CAD00A3E141 /* gitTestProject2 */,
				9A0BFD87162D6CAD00A3E141 /* Frameworks */,
				9A0BFD85162D6CAD00A3E141 /* Products */,
			);
			sourceTree = "<group>";
		};
		9A0BFD85162D6CAD00A3E141 /* Products */ = {
			isa = PBXGroup;
			children = (
				9A0BFD84162D6CAD00A3E141 /* gitTestProject2.app */,
			);
			name = Products;
			sourceTree = "<group>";
		};
		9A0BFD87162D6CAD00A3E141 /* Frameworks */ = {
			isa = PBXGroup;
			children = (
				9A0BFD88162D6CAD00A3E141 /* Foundation.framework */,
				9A0BFD8A162D6CAD00A3E141 /* UIKit.framework */,
				9A0BFD8C162D6CAD00A3E141 /* CFNetwork.framework */,
				9A0BFD8E162D6CAD00A3E141 /* CoreGraphics.framework */,
				9A0BFD90162D6CAD00A3E141 /* CoreLocation.framework */,
				9A0BFD92162D6CAD00A3E141 /* CoreMedia.framework */,
				9A0BFD94162D6CAD00A3E141 /* QuartzCore.framework */,
				9A0BFD96162D6CAD00A3E141 /* Security.framework */,
				9A0BFD98162D6CAD00A3E141 /* MobileCoreServices.framework */,
				9A0BFD9A162D6CAD00A3E141 /* AddressBook.framework */,
				9A0BFD9C162D6CAD00A3E141 /* AddressBookUI.framework */,
				9A0BFD9E162D6CAD00A3E141 /* AudioToolbox.framework */,
				9A0BFDA0162D6CAD00A3E141 /* AVFoundation.framework */,
				9A0BFDA2162D6CAD00A3E141 /* MediaPlayer.framework */,
				9A0BFDA4162D6CAD00A3E141 /* SystemConfiguration.framework */,
			);
			name = Frameworks;
			sourceTree = "<group>";
		};
		9A0BFDA6162D6CAD00A3E141 /* gitTestProject2 */ = {
			isa = PBXGroup;
			children = (
				9A0BFDF7162D6CC100A3E141 /* www */,
				9A0BFDCC162D6CAE00A3E141 /* SalesforceHybridSDK.framework */,
				9A0BFDCE162D6CAE00A3E141 /* libz.dylib */,
				9A0BFDE3162D6CAE00A3E141 /* readme.md */,
				9A0BFDEE162D6CAF00A3E141 /* Settings.bundle */,
				9A0BFDF0162D6CAF00A3E141 /* CordovaResources.bundle */,
				9A0BFDD0162D6CAE00A3E141 /* Resources */,
				9A0BFDE5162D6CAE00A3E141 /* Classes */,
				9A0BFDE9162D6CAE00A3E141 /* Plugins */,
				9A0BFDA7162D6CAD00A3E141 /* Supporting Files */,
			);
			path = gitTestProject2;
			sourceTree = "<group>";
		};
		9A0BFDA7162D6CAD00A3E141 /* Supporting Files */ = {
			isa = PBXGroup;
			children = (
				9A0BFDA8162D6CAD00A3E141 /* gitTestProject2-Info.plist */,
				9A0BFDA9162D6CAD00A3E141 /* InfoPlist.strings */,
				9A0BFDAC162D6CAD00A3E141 /* main.m */,
				9A0BFDAE162D6CAD00A3E141 /* gitTestProject2-Prefix.pch */,
				9A0BFDEC162D6CAE00A3E141 /* Cordova.plist */,
			);
			name = "Supporting Files";
			sourceTree = "<group>";
		};
		9A0BFDD0162D6CAE00A3E141 /* Resources */ = {
			isa = PBXGroup;
			children = (
				9A0BFDD1162D6CAE00A3E141 /* icons */,
				9A0BFDD8162D6CAE00A3E141 /* splash */,
			);
			name = Resources;
			sourceTree = "<group>";
		};
		9A0BFDD1162D6CAE00A3E141 /* icons */ = {
			isa = PBXGroup;
			children = (
				9A0BFDD2162D6CAE00A3E141 /* icon-72.png */,
				9A0BFDD4162D6CAE00A3E141 /* icon.png */,
				9A0BFDD6162D6CAE00A3E141 /* icon@2x.png */,
			);
			name = icons;
			sourceTree = "<group>";
		};
		9A0BFDD8162D6CAE00A3E141 /* splash */ = {
			isa = PBXGroup;
			children = (
				9A0BFDD9162D6CAE00A3E141 /* Default-Landscape~ipad.png */,
				9A0BFDDB162D6CAE00A3E141 /* Default-Portrait~ipad.png */,
				9A0BFDDD162D6CAE00A3E141 /* Default.png */,
				9A0BFDDF162D6CAE00A3E141 /* Default@2x.png */,
				9A0BFDE1162D6CAE00A3E141 /* Default~iPad.png */,
			);
			name = splash;
			sourceTree = "<group>";
		};
		9A0BFDE5162D6CAE00A3E141 /* Classes */ = {
			isa = PBXGroup;
			children = (
				9A0BFDE6162D6CAE00A3E141 /* AppDelegate.h */,
				9A0BFDE7162D6CAE00A3E141 /* AppDelegate.m */,
			);
			name = Classes;
			sourceTree = "<group>";
		};
		9A0BFDE9162D6CAE00A3E141 /* Plugins */ = {
			isa = PBXGroup;
			children = (
				9A0BFDEA162D6CAE00A3E141 /* README */,
			);
			name = Plugins;
			sourceTree = "<group>";
		};
/* End PBXGroup section */

/* Begin PBXNativeTarget section */
		9A0BFD83162D6CAD00A3E141 /* gitTestProject2 */ = {
			isa = PBXNativeTarget;
			buildConfigurationList = 9A0BFDF4162D6CAF00A3E141 /* Build configuration list for PBXNativeTarget "gitTestProject2" */;
			buildPhases = (
				9A0BFD7E162D6CAD00A3E141 /* Sources */,
				9A0BFD7F162D6CAD00A3E141 /* Frameworks */,
				9A0BFD80162D6CAD00A3E141 /* Resources */,
				9A0BFD81162D6CAD00A3E141 /* Sources */,
				9A0BFD82162D6CAD00A3E141 /* CopyFiles */,
			);
			buildRules = (
			);
			dependencies = (
			);
			name = gitTestProject2;
			productName = gitTestProject2;
			productReference = 9A0BFD84162D6CAD00A3E141 /* gitTestProject2.app */;
			productType = "com.apple.product-type.application";
		};
/* End PBXNativeTarget section */

/* Begin PBXProject section */
		9A0BFD79162D6CAD00A3E141 /* Project object */ = {
			isa = PBXProject;
			attributes = {
				LastUpgradeCheck = 0450;
				ORGANIZATIONNAME = "Sarvesh Singhrour";
			};
			buildConfigurationList = 9A0BFD7C162D6CAD00A3E141 /* Build configuration list for PBXProject "gitTestProject2" */;
			compatibilityVersion = "Xcode 3.2";
			developmentRegion = English;
			hasScannedForEncodings = 0;
			knownRegions = (
				en,
			);
			mainGroup = 9A0BFD77162D6CAD00A3E141;
			productRefGroup = 9A0BFD85162D6CAD00A3E141 /* Products */;
			projectDirPath = "";
			projectRoot = "";
			targets = (
				9A0BFD83162D6CAD00A3E141 /* gitTestProject2 */,
			);
		};
/* End PBXProject section */

/* Begin PBXResourcesBuildPhase section */
		9A0BFD80162D6CAD00A3E141 /* Resources */ = {
			isa = PBXResourcesBuildPhase;
			buildActionMask = 2147483647;
			files = (
				9A0BFDAB162D6CAD00A3E141 /* InfoPlist.strings in Resources */,
				9A0BFDAF162D6CAD00A3E141 /* gitTestProject2-Prefix.pch in Resources */,
				9A0BFDD3162D6CAE00A3E141 /* icon-72.png in Resources */,
				9A0BFDD5162D6CAE00A3E141 /* icon.png in Resources */,
				9A0BFDD7162D6CAE00A3E141 /* icon@2x.png in Resources */,
				9A0BFDDA162D6CAE00A3E141 /* Default-Landscape~ipad.png in Resources */,
				9A0BFDDC162D6CAE00A3E141 /* Default-Portrait~ipad.png in Resources */,
				9A0BFDDE162D6CAE00A3E141 /* Default.png in Resources */,
				9A0BFDE0162D6CAE00A3E141 /* Default@2x.png in Resources */,
				9A0BFDE2162D6CAE00A3E141 /* Default~iPad.png in Resources */,
				9A0BFDE4162D6CAE00A3E141 /* readme.md in Resources */,
				9A0BFDEB162D6CAE00A3E141 /* README in Resources */,
				9A0BFDED162D6CAE00A3E141 /* Cordova.plist in Resources */,
				9A0BFDEF162D6CAF00A3E141 /* Settings.bundle in Resources */,
				9A0BFDF1162D6CAF00A3E141 /* CordovaResources.bundle in Resources */,
				9A0BFDF8162D6CC100A3E141 /* www in Resources */,
			);
			runOnlyForDeploymentPostprocessing = 0;
		};
/* End PBXResourcesBuildPhase section */

/* Begin PBXSourcesBuildPhase section */
		9A0BFD7E162D6CAD00A3E141 /* Sources */ = {
			isa = PBXSourcesBuildPhase;
			buildActionMask = 2147483647;
			files = (
				9A0BFDAD162D6CAD00A3E141 /* main.m in Sources */,
				9A0BFDE8162D6CAE00A3E141 /* AppDelegate.m in Sources */,
			);
			runOnlyForDeploymentPostprocessing = 0;
		};
		9A0BFD81162D6CAD00A3E141 /* Sources */ = {
			isa = PBXSourcesBuildPhase;
			buildActionMask = 2147483647;
			files = (
			);
			runOnlyForDeploymentPostprocessing = 0;
		};
/* End PBXSourcesBuildPhase section */

/* Begin PBXVariantGroup section */
		9A0BFDA9162D6CAD00A3E141 /* InfoPlist.strings */ = {
			isa = PBXVariantGroup;
			children = (
				9A0BFDAA162D6CAD00A3E141 /* en */,
			);
			name = InfoPlist.strings;
			sourceTree = "<group>";
		};
/* End PBXVariantGroup section */

/* Begin XCBuildConfiguration section */
		9A0BFDF2162D6CAF00A3E141 /* Debug */ = {
			isa = XCBuildConfiguration;
			buildSettings = {
				ALWAYS_SEARCH_USER_PATHS = YES;
				ARCHS = "$(ARCHS_STANDARD_32_BIT)";
				CLANG_CXX_LANGUAGE_STANDARD = "gnu++0x";
				CLANG_WARN__DUPLICATE_METHOD_MATCH = YES;
				CODE_SIGN_IDENTITY = "iPhone Developer";
				COPY_PHASE_STRIP = NO;
				GCC_C_LANGUAGE_STANDARD = gnu99;
				GCC_DYNAMIC_NO_PIC = NO;
				GCC_OPTIMIZATION_LEVEL = 0;
				GCC_PREPROCESSOR_DEFINITIONS = (
					"DEBUG=1",
					"$(inherited)",
				);
				GCC_SYMBOLS_PRIVATE_EXTERN = NO;
				GCC_WARN_ABOUT_RETURN_TYPE = YES;
				GCC_WARN_UNINITIALIZED_AUTOS = YES;
				GCC_WARN_UNUSED_VARIABLE = YES;
				IPHONEOS_DEPLOYMENT_TARGET = 5.0;
				OTHER_LDFLAGS = (
					"-ObjC",
					"-all_load",
				);
				SDKROOT = iphoneos;
				TARGETED_DEVICE_FAMILY = "1,2";
			};
			name = Debug;
		};
		9A0BFDF3162D6CAF00A3E141 /* Release */ = {
			isa = XCBuildConfiguration;
			buildSettings = {
				ALWAYS_SEARCH_USER_PATHS = YES;
				ARCHS = "$(ARCHS_STANDARD_32_BIT)";
				CLANG_CXX_LANGUAGE_STANDARD = "gnu++0x";
				CLANG_WARN__DUPLICATE_METHOD_MATCH = YES;
				CODE_SIGN_IDENTITY = "iPhone Developer";
				COPY_PHASE_STRIP = YES;
				GCC_C_LANGUAGE_STANDARD = gnu99;
				GCC_PREPROCESSOR_DEFINITIONS = "CORDOVA_FRAMEWORK=1";
				GCC_WARN_ABOUT_RETURN_TYPE = YES;
				GCC_WARN_UNINITIALIZED_AUTOS = YES;
				GCC_WARN_UNUSED_VARIABLE = YES;
				IPHONEOS_DEPLOYMENT_TARGET = 5.0;
				OTHER_LDFLAGS = (
					"-ObjC",
					"-all_load",
				);
				SDKROOT = iphoneos;
				TARGETED_DEVICE_FAMILY = "1,2";
				VALIDATE_PRODUCT = YES;
			};
			name = Release;
		};
		9A0BFDF5162D6CAF00A3E141 /* Debug */ = {
			isa = XCBuildConfiguration;
			buildSettings = {
				FRAMEWORK_SEARCH_PATHS = (
					"$(inherited)",
					"\"$(SRCROOT)/gitTestProject2\"",
				);
				GCC_PRECOMPILE_PREFIX_HEADER = YES;
				GCC_PREFIX_HEADER = "gitTestProject2/gitTestProject2-Prefix.pch";
				INFOPLIST_FILE = "gitTestProject2/gitTestProject2-Info.plist";
				PRODUCT_NAME = "$(TARGET_NAME)";
				WRAPPER_EXTENSION = app;
			};
			name = Debug;
		};
		9A0BFDF6162D6CAF00A3E141 /* Release */ = {
			isa = XCBuildConfiguration;
			buildSettings = {
				FRAMEWORK_SEARCH_PATHS = (
					"$(inherited)",
					"\"$(SRCROOT)/gitTestProject2\"",
				);
				GCC_PRECOMPILE_PREFIX_HEADER = YES;
				GCC_PREFIX_HEADER = "gitTestProject2/gitTestProject2-Prefix.pch";
				INFOPLIST_FILE = "gitTestProject2/gitTestProject2-Info.plist";
				PRODUCT_NAME = "$(TARGET_NAME)";
				WRAPPER_EXTENSION = app;
			};
			name = Release;
		};
/* End XCBuildConfiguration section */

/* Begin XCConfigurationList section */
		9A0BFD7C162D6CAD00A3E141 /* Build configuration list for PBXProject "gitTestProject2" */ = {
			isa = XCConfigurationList;
			buildConfigurations = (
				9A0BFDF2162D6CAF00A3E141 /* Debug */,
				9A0BFDF3162D6CAF00A3E141 /* Release */,
			);
			defaultConfigurationIsVisible = 0;
			defaultConfigurationName = Release;
		};
		9A0BFDF4162D6CAF00A3E141 /* Build configuration list for PBXNativeTarget "gitTestProject2" */ = {
			isa = XCConfigurationList;
			buildConfigurations = (
				9A0BFDF5162D6CAF00A3E141 /* Debug */,
				9A0BFDF6162D6CAF00A3E141 /* Release */,
			);
			defaultConfigurationIsVisible = 0;
		};
/* End XCConfigurationList section */
	};
	rootObject = 9A0BFD79162D6CAD00A3E141 /* Project object */;
}
